<?xml version="1.0" encoding="utf-8"?>
<Project ToolsVersion="4.0" xmlns="http://schemas.microsoft.com/developer/msbuild/2003">
  <ItemGroup>
    <Filter Include="Fichiers sources">
      <UniqueIdentifier>{4FC737F1-C7A5-4376-A066-2A32D752A2FF}</UniqueIdentifier>
      <Extensions>cpp;c;cc;cxx;def;odl;idl;hpj;bat;asm;asmx</Extensions>
    </Filter>
    <Filter Include="Fichiers d%27en-tête">
      <UniqueIdentifier>{93995380-89BD-4b04-88EB-625FBE52EBFB}</UniqueIdentifier>
      <Extensions>h;hh;hpp;hxx;hm;inl;inc;xsd</Extensions>
    </Filter>
    <Filter Include="Fichiers de ressources">
      <UniqueIdentifier>{67DA6AB6-F800-4c08-8B7A-83BB121AAD01}</UniqueIdentifier>
      <Extensions>rc;ico;cur;bmp;dlg;rc2;rct;bin;rgs;gif;jpg;jpeg;jpe;resx;tiff;tif;png;wav;mfcribbon-ms</Extensions>
    </Filter>
    <Filter Include="Fichiers d%27en-tête\GameEngine">
      <UniqueIdentifier>{b4cb83a1-961c-454d-8c14-daef1527fd56}</UniqueIdentifier>
    </Filter>
    <Filter Include="Fichiers d%27en-tête\System">
      <UniqueIdentifier>{44f7b313-7156-4d91-813a-d9563f910efb}</UniqueIdentifier>
    </Filter>
    <Filter Include="Fichiers sources\GameEngine">
      <UniqueIdentifier>{cec808a1-79fa-486b-a005-4f6ed986a31d}</UniqueIdentifier>
    </Filter>
    <Filter Include="Fichiers sources\System">
      <UniqueIdentifier>{608fade3-f02e-4feb-b25d-3d479831b651}</UniqueIdentifier>
    </Filter>
    <Filter Include="Fichiers de ressources\Data">
      <UniqueIdentifier>{f03e110d-ff5a-49c0-9af8-87b8a8ebca83}</UniqueIdentifier>
    </Filter>
    <Filter Include="Fichiers sources\Monsters">
      <UniqueIdentifier>{4baa82b8-7707-4513-b6c8-51e5ffbd80a7}</UniqueIdentifier>
    </Filter>
    <Filter Include="Fichiers d%27en-tête\Monsters">
      <UniqueIdentifier>{64836c8d-8d01-4398-bf99-feea1147fb2c}</UniqueIdentifier>
    </Filter>
    <Filter Include="Fichiers d%27en-tête\Editor">
      <UniqueIdentifier>{d83a2a8e-06e4-4e42-afba-df3f1e37c608}</UniqueIdentifier>
    </Filter>
    <Filter Include="Fichiers sources\Editor">
      <UniqueIdentifier>{cc8f74c5-24ab-47ef-b3f8-f457d0b123df}</UniqueIdentifier>
    </Filter>
  </ItemGroup>
  <ItemGroup>
    <ClCompile Include="..\Source\GameEngine\Level.cpp">
      <Filter>Fichiers sources\GameEngine</Filter>
    </ClCompile>
    <ClCompile Include="..\Source\GameEngine\QuadTree.cpp">
      <Filter>Fichiers sources\GameEngine</Filter>
    </ClCompile>
    <ClCompile Include="..\Source\GameEngine\Geometry.cpp">
      <Filter>Fichiers sources\GameEngine</Filter>
    </ClCompile>
    <ClCompile Include="..\Source\System\window.cpp">
      <Filter>Fichiers sources\System</Filter>
    </ClCompile>
    <ClCompile Include="..\Source\System\RTypeException.cpp">
      <Filter>Fichiers sources\System</Filter>
    </ClCompile>
    <ClCompile Include="..\Source\main.cpp">
      <Filter>Fichiers sources</Filter>
    </ClCompile>
    <ClCompile Include="..\Source\test.cpp">
      <Filter>Fichiers sources</Filter>
    </ClCompile>
    <ClCompile Include="..\Source\GameEngine\OnLevel.cpp">
      <Filter>Fichiers sources\GameEngine</Filter>
    </ClCompile>
    <ClCompile Include="..\Source\GameEngine\GameData.cpp">
      <Filter>Fichiers sources\GameEngine</Filter>
    </ClCompile>
    <ClCompile Include="..\Source\GameEngine\Object.cpp">
      <Filter>Fichiers sources\GameEngine</Filter>
    </ClCompile>
    <ClCompile Include="..\Source\GameEngine\World.cpp">
      <Filter>Fichiers sources\GameEngine</Filter>
    </ClCompile>
    <ClCompile Include="..\Source\System\ResourcesBank.cpp">
      <Filter>Fichiers sources\System</Filter>
    </ClCompile>
    <ClCompile Include="..\Source\System\Animation.cpp">
      <Filter>Fichiers sources\System</Filter>
    </ClCompile>
    <ClCompile Include="..\Source\GameEngine\WallOfPain.cpp">
      <Filter>Fichiers sources\GameEngine</Filter>
    </ClCompile>
    <ClCompile Include="..\Source\GameEngine\Timer.cpp">
      <Filter>Fichiers sources\GameEngine</Filter>
    </ClCompile>
    <ClCompile Include="..\Source\GameEngine\Rocket.cpp">
      <Filter>Fichiers sources\GameEngine</Filter>
    </ClCompile>
    <ClCompile Include="..\Source\GameEngine\Player.cpp">
      <Filter>Fichiers sources\GameEngine</Filter>
    </ClCompile>
    <ClCompile Include="..\Source\GameEngine\SerializedObject.cpp">
      <Filter>Fichiers sources\GameEngine</Filter>
    </ClCompile>
    <ClCompile Include="..\Source\GameEngine\Snapshot.cpp">
      <Filter>Fichiers sources\GameEngine</Filter>
    </ClCompile>
    <ClCompile Include="..\Source\GameEngine\Explosion.cpp">
      <Filter>Fichiers sources\GameEngine</Filter>
    </ClCompile>
    <ClCompile Include="..\Source\GameEngine\Laser.cpp">
      <Filter>Fichiers sources\GameEngine</Filter>
    </ClCompile>
    <ClCompile Include="..\Source\GameEngine\Artifices.cpp">
      <Filter>Fichiers sources\GameEngine</Filter>
    </ClCompile>
    <ClCompile Include="..\Source\GameEngine\Monster.cpp">
      <Filter>Fichiers sources\GameEngine</Filter>
    </ClCompile>
    <ClCompile Include="..\Source\Monsters\BasicShip.cpp">
      <Filter>Fichiers sources\Monsters</Filter>
    </ClCompile>
    <ClCompile Include="..\Source\Monsters\Meteora.cpp">
      <Filter>Fichiers sources\Monsters</Filter>
    </ClCompile>
    <ClCompile Include="..\Source\Monsters\Nautilus.cpp">
      <Filter>Fichiers sources\Monsters</Filter>
    </ClCompile>
    <ClCompile Include="..\Source\Monsters\Robot.cpp">
      <Filter>Fichiers sources\Monsters</Filter>
    </ClCompile>
    <ClCompile Include="..\Source\GameEngine\BBException.cpp">
      <Filter>Fichiers sources\System</Filter>
    </ClCompile>
    <ClCompile Include="..\Source\GameEngine\GameRoom.cpp">
      <Filter>Fichiers sources\System</Filter>
    </ClCompile>
    <ClCompile Include="..\Source\GameEngine\Instruction.cpp">
      <Filter>Fichiers sources\System</Filter>
    </ClCompile>
    <ClCompile Include="..\Source\GameEngine\ISocket.cpp">
      <Filter>Fichiers sources\System</Filter>
    </ClCompile>
    <ClCompile Include="..\Source\GameEngine\MutexVault.cpp">
      <Filter>Fichiers sources\System</Filter>
    </ClCompile>
    <ClCompile Include="..\Source\GameEngine\Packet.cpp">
      <Filter>Fichiers sources\System</Filter>
    </ClCompile>
    <ClCompile Include="..\Source\GameEngine\RTypeClient.cpp">
      <Filter>Fichiers sources\System</Filter>
    </ClCompile>
    <ClCompile Include="..\Source\GameEngine\RTypeServer.cpp">
      <Filter>Fichiers sources\System</Filter>
    </ClCompile>
    <ClCompile Include="..\Source\GameEngine\User.cpp">
      <Filter>Fichiers sources\System</Filter>
    </ClCompile>
    <ClCompile Include="..\Source\System\WinSocket.cpp">
      <Filter>Fichiers sources\System</Filter>
    </ClCompile>
    <ClCompile Include="..\Source\Editor\OnEditor.cpp">
      <Filter>Fichiers sources\Editor</Filter>
    </ClCompile>
    <ClCompile Include="..\Source\Editor\EditorMonster.cpp">
      <Filter>Fichiers sources\Editor</Filter>
    </ClCompile>
    <ClCompile Include="..\Source\Editor\EditorEntity.cpp">
      <Filter>Fichiers sources\Editor</Filter>
    </ClCompile>
    <ClCompile Include="..\Source\clie_test.cpp">
      <Filter>Fichiers sources</Filter>
    </ClCompile>
  </ItemGroup>
  <ItemGroup>
    <ClInclude Include="..\Source\GameEngine\QuadTree.hpp">
      <Filter>Fichiers d%27en-tête\GameEngine</Filter>
    </ClInclude>
    <ClInclude Include="..\Source\GameEngine\t2Vector.hpp">
      <Filter>Fichiers d%27en-tête\GameEngine</Filter>
    </ClInclude>
    <ClInclude Include="..\Source\GameEngine\Geometry.hpp">
      <Filter>Fichiers d%27en-tête\GameEngine</Filter>
    </ClInclude>
    <ClInclude Include="..\Source\GameEngine\Level.h">
      <Filter>Fichiers d%27en-tête\GameEngine</Filter>
    </ClInclude>
    <ClInclude Include="..\Source\System\window.h">
      <Filter>Fichiers d%27en-tête\System</Filter>
    </ClInclude>
    <ClInclude Include="..\Source\System\RTypeException.h">
      <Filter>Fichiers d%27en-tête\System</Filter>
    </ClInclude>
    <ClInclude Include="..\Source\GameEngine\IGameplay.h">
      <Filter>Fichiers d%27en-tête\GameEngine</Filter>
    </ClInclude>
    <ClInclude Include="..\Source\GameEngine\OnLevel.h">
      <Filter>Fichiers d%27en-tête\GameEngine</Filter>
    </ClInclude>
    <ClInclude Include="..\Source\GameEngine\GameData.h">
      <Filter>Fichiers d%27en-tête\GameEngine</Filter>
    </ClInclude>
    <ClInclude Include="..\Source\GameEngine\Object.h">
      <Filter>Fichiers d%27en-tête\GameEngine</Filter>
    </ClInclude>
    <ClInclude Include="..\Source\GameEngine\Rectangle.hpp">
      <Filter>Fichiers d%27en-tête\GameEngine</Filter>
    </ClInclude>
    <ClInclude Include="..\Source\GameEngine\World.hpp">
      <Filter>Fichiers d%27en-tête\GameEngine</Filter>
    </ClInclude>
    <ClInclude Include="..\Source\System\Animation.h">
      <Filter>Fichiers d%27en-tête\System</Filter>
    </ClInclude>
    <ClInclude Include="..\Source\System\ResourcesBank.h">
      <Filter>Fichiers d%27en-tête\System</Filter>
    </ClInclude>
    <ClInclude Include="..\Source\GameEngine\Player.hpp">
      <Filter>Fichiers d%27en-tête\GameEngine</Filter>
    </ClInclude>
    <ClInclude Include="..\Source\GameEngine\Rocket.hpp">
      <Filter>Fichiers d%27en-tête\GameEngine</Filter>
    </ClInclude>
    <ClInclude Include="..\Source\GameEngine\Timer.hpp">
      <Filter>Fichiers d%27en-tête\GameEngine</Filter>
    </ClInclude>
    <ClInclude Include="..\Source\GameEngine\WallOfPain.hpp">
      <Filter>Fichiers d%27en-tête\GameEngine</Filter>
    </ClInclude>
    <ClInclude Include="..\Source\GameEngine\AnimationEntity.hpp">
      <Filter>Fichiers d%27en-tête\System</Filter>
    </ClInclude>
    <ClInclude Include="..\Source\GameEngine\SerializedObject.hpp">
      <Filter>Fichiers d%27en-tête\GameEngine</Filter>
    </ClInclude>
    <ClInclude Include="..\Source\GameEngine\Snapshot.hpp">
      <Filter>Fichiers d%27en-tête\GameEngine</Filter>
    </ClInclude>
    <ClInclude Include="..\Source\GameEngine\Explosion.h">
      <Filter>Fichiers d%27en-tête\GameEngine</Filter>
    </ClInclude>
    <ClInclude Include="..\Source\GameEngine\Laser.h">
      <Filter>Fichiers d%27en-tête\GameEngine</Filter>
    </ClInclude>
    <ClInclude Include="..\Source\GameEngine\IMonsterBehaviour.h">
      <Filter>Fichiers d%27en-tête\GameEngine</Filter>
    </ClInclude>
    <ClInclude Include="..\Source\GameEngine\Monster.h">
      <Filter>Fichiers d%27en-tête\GameEngine</Filter>
    </ClInclude>
    <ClInclude Include="..\Source\GameEngine\Artifices.h">
      <Filter>Fichiers d%27en-tête\GameEngine</Filter>
    </ClInclude>
    <ClInclude Include="..\Source\Monsters\BasicShip.h">
      <Filter>Fichiers d%27en-tête\Monsters</Filter>
    </ClInclude>
    <ClInclude Include="..\Source\Monsters\Meteora.h">
      <Filter>Fichiers d%27en-tête\Monsters</Filter>
    </ClInclude>
    <ClInclude Include="..\Source\Monsters\Nautilus.h">
      <Filter>Fichiers d%27en-tête\Monsters</Filter>
    </ClInclude>
    <ClInclude Include="..\Source\Monsters\Robot.h">
      <Filter>Fichiers d%27en-tête\Monsters</Filter>
    </ClInclude>
    <ClInclude Include="..\Source\GameEngine\BBException.hpp">
      <Filter>Fichiers d%27en-tête\System</Filter>
    </ClInclude>
    <ClInclude Include="..\Source\GameEngine\GameRoom.hpp">
      <Filter>Fichiers d%27en-tête\System</Filter>
    </ClInclude>
    <ClInclude Include="..\Source\GameEngine\IMutex.hpp">
      <Filter>Fichiers d%27en-tête\System</Filter>
    </ClInclude>
    <ClInclude Include="..\Source\GameEngine\Instruction.h">
      <Filter>Fichiers d%27en-tête\System</Filter>
    </ClInclude>
    <ClInclude Include="..\Source\GameEngine\ISocket.h">
      <Filter>Fichiers d%27en-tête\System</Filter>
    </ClInclude>
    <ClInclude Include="..\Source\GameEngine\IThread.hpp">
      <Filter>Fichiers d%27en-tête\System</Filter>
    </ClInclude>
    <ClInclude Include="..\Source\GameEngine\MutexVault.hpp">
      <Filter>Fichiers d%27en-tête\System</Filter>
    </ClInclude>
    <ClInclude Include="..\Source\GameEngine\Packet.h">
      <Filter>Fichiers d%27en-tête\System</Filter>
    </ClInclude>
    <ClInclude Include="..\Source\GameEngine\RTypeClient.hpp">
      <Filter>Fichiers d%27en-tête\System</Filter>
    </ClInclude>
    <ClInclude Include="..\Source\GameEngine\RTypeServer.hpp">
      <Filter>Fichiers d%27en-tête\System</Filter>
    </ClInclude>
    <ClInclude Include="..\Source\GameEngine\User.hpp">
      <Filter>Fichiers d%27en-tête\System</Filter>
    </ClInclude>
    <ClInclude Include="..\Source\System\WinCriticalSession.hpp">
      <Filter>Fichiers d%27en-tête\System</Filter>
    </ClInclude>
    <ClInclude Include="..\Source\System\WinMutex.hpp">
      <Filter>Fichiers d%27en-tête\System</Filter>
    </ClInclude>
    <ClInclude Include="..\Source\System\WinSocket.h">
      <Filter>Fichiers d%27en-tête\System</Filter>
    </ClInclude>
    <ClInclude Include="..\Source\System\WinThread.hpp">
      <Filter>Fichiers d%27en-tête\System</Filter>
    </ClInclude>
    <ClInclude Include="..\Source\Editor\OnEditor.h">
      <Filter>Fichiers d%27en-tête\Editor</Filter>
    </ClInclude>
    <ClInclude Include="..\Source\Editor\EditorMonster.h">
      <Filter>Fichiers d%27en-tête\Editor</Filter>
    </ClInclude>
    <ClInclude Include="..\Source\Editor\EditorEntity.h">
      <Filter>Fichiers d%27en-tête\Editor</Filter>
    </ClInclude>
  </ItemGroup>
  <ItemGroup>
    <None Include="..\.gitignore">
      <Filter>Fichiers sources</Filter>
    </None>
  </ItemGroup>
  <ItemGroup>
    <Xml Include="..\Data\level1.xml">
      <Filter>Fichiers de ressources\Data</Filter>
    </Xml>
  </ItemGroup>
</Project>